<Solution>
  <Folder Name="/Task0/">
    <Project Path="Tyuiu.GusamovMD.Sprint1.Task0.V8.Lib/Tyuiu.GusamovMD.Sprint1.Task0.V8.Lib.csproj" />
    <Project Path="Tyuiu.GusamovMD.Sprint1.Task0.V8.Test/Tyuiu.GusamovMD.Sprint1.Task0.V8.Test.csproj" />
    <Project Path="Tyuiu.GusamovMD.Sprint1.Task0.V8/Tyuiu.GusamovMD.Sprint1.Task0.V8.csproj" />
  </Folder>
  <Folder Name="/Task1/">
    <Project Path="Tyuiu.GusamovMD.Sprint1.Task1.V23.Lib/Tyuiu.GusamovMD.Sprint1.Task1.V23.Lib.csproj" Id="0d3d1258-73af-4829-ae08-546bb3e09617" />
    <Project Path="Tyuiu.GusamovMD.Sprint1.Task1.V23.Test/Tyuiu.GusamovMD.Sprint1.Task1.V23.Test.csproj" Id="d9cd180f-7ae2-4291-892f-f95344bfbecc" />
    <Project Path="Tyuiu.GusamovMD.Sprint1.Task1.V23/Tyuiu.GusamovMD.Sprint1.Task1.V23.csproj" Id="cf679004-155c-4519-bdb2-a25ae6a610fa" />
  </Folder>
  <Folder Name="/Task2/">
    <Project Path="Tyuiu.GusamovMD.Sprint1.Task2.V24.Lib/Tyuiu.GusamovMD.Sprint1.Task2.V24.Lib.csproj" Id="813545b8-4152-4c3f-8052-9fa8e9ce8125" />
    <Project Path="Tyuiu.GusamovMD.Sprint1.Task2.V24.Test/Tyuiu.GusamovMD.Sprint1.Task2.V24.Test.csproj" Id="7412da7c-8d40-4b60-ad1e-db089273ae54" />
    <Project Path="Tyuiu.GusamovMD.Sprint1.Task2.V24/Tyuiu.GusamovMD.Sprint1.Task2.V24.csproj" Id="cd521cc4-6b73-4525-bbe4-6197a60a0606" />
  </Folder>
  <Folder Name="/Task3/">
    <Project Path="Tyuiu.GusamovMD.Sprint1.Task3.V1.Lib/Tyuiu.GusamovMD.Sprint1.Task3.V1.Lib.csproj" Id="ea814f79-0c4e-4f3e-81a8-7d474611f74b" />
    <Project Path="Tyuiu.GusamovMD.Sprint1.Task3.V1.Test/Tyuiu.GusamovMD.Sprint1.Task3.V1.Test.csproj" Id="dc40dc1d-0318-49ec-adfb-84a7ae1e17f8" />
    <Project Path="Tyuiu.GusamovMD.Sprint1.Task3.V1/Tyuiu.GusamovMD.Sprint1.Task3.V1.csproj" Id="a2c206f7-a4ba-4087-8d1b-1bed808e2f08" />
  </Folder>
  <Folder Name="/Task4/">
    <Project Path="Tyuiu.GusamovMD.Sprint1.Task4.V18.Lib/Tyuiu.GusamovMD.Sprint1.Task4.V18.Lib.csproj" Id="9cdac9ea-801a-4769-b2b6-aff0368165d7" />
    <Project Path="Tyuiu.GusamovMD.Sprint1.Task4.V18.Test/Tyuiu.GusamovMD.Sprint1.Task4.V18.Test.csproj" Id="0bd73766-3f72-4e86-ad80-5c830e036d95" />
    <Project Path="Tyuiu.GusamovMD.Sprint1.Task4.V18/Tyuiu.GusamovMD.Sprint1.Task4.V18.csproj" Id="06c3bfba-77d8-4514-8499-156a905cbc8b" />
  </Folder>
</Solution>
